
Microsoft Visual Studio Solution File, Format Version 12.00
# Visual Studio 15
VisualStudioVersion = 15.0.28307.1082
MinimumVisualStudioVersion = 10.0.40219.1
Project("{FAE04EC0-301F-11D3-BF4B-00C04F79EFBC}") = "WpfClock", "WpfClock\WpfClock.csproj", "{1B257E28-2D03-413A-BF06-CB0413796C23}"
EndProject
Global
	GlobalSection(SolutionConfigurationPlatforms) = preSolution
		Debug|Any CPU = Debug|Any CPU
		Release|Any CPU = Release|Any CPU
	EndGlobalSection
	GlobalSection(ProjectConfigurationPlatforms) = postSolution
		{1B257E28-2D03-413A-BF06-CB0413796C23}.Debug|Any CPU.ActiveCfg = Debug|Any CPU
		{1B257E28-2D03-413A-BF06-CB0413796C23}.Debug|Any CPU.Build.0 = Debug|Any CPU
		{1B257E28-2D03-413A-BF06-CB0413796C23}.Release|Any CPU.ActiveCfg = Release|Any CPU
		{1B257E28-2D03-413A-BF06-CB0413796C23}.Release|Any CPU.Build.0 = Release|Any CPU
	EndGlobalSection
	GlobalSection(SolutionProperties) = preSolution
		HideSolutionNode = FALSE
	EndGlobalSection
	GlobalSection(ExtensibilityGlobals) = postSolution
		SolutionGuid = {88BB1C4F-479F-448B-957C-C92F6100F7D3}
	EndGlobalSection
EndGlobal
